
Microsoft Visual Studio Solution File, Format Version 12.00
# Visual Studio Version 16
VisualStudioVersion = 16.0.29209.62
MinimumVisualStudioVersion = 10.0.40219.1
Project("{FAE04EC0-301F-11D3-BF4B-00C04F79EFBC}") = "CodeFirstDomain", "CodeFirstDomain\CodeFirstDomain.csproj", "{7A9FC029-9DD2-4D09-AC1B-BDFE0EEAF1DE}"
EndProject
Project("{FAE04EC0-301F-11D3-BF4B-00C04F79EFBC}") = "Orders", "Orders\Orders.csproj", "{64D3DE27-7100-4DAA-AD54-1ADE696A72D1}"
EndProject
Global
	GlobalSection(SolutionConfigurationPlatforms) = preSolution
		Debug|Any CPU = Debug|Any CPU
		Release|Any CPU = Release|Any CPU
	EndGlobalSection
	GlobalSection(ProjectConfigurationPlatforms) = postSolution
		{7A9FC029-9DD2-4D09-AC1B-BDFE0EEAF1DE}.Debug|Any CPU.ActiveCfg = Debug|Any CPU
		{7A9FC029-9DD2-4D09-AC1B-BDFE0EEAF1DE}.Debug|Any CPU.Build.0 = Debug|Any CPU
		{7A9FC029-9DD2-4D09-AC1B-BDFE0EEAF1DE}.Release|Any CPU.ActiveCfg = Release|Any CPU
		{7A9FC029-9DD2-4D09-AC1B-BDFE0EEAF1DE}.Release|Any CPU.Build.0 = Release|Any CPU
		{64D3DE27-7100-4DAA-AD54-1ADE696A72D1}.Debug|Any CPU.ActiveCfg = Debug|Any CPU
		{64D3DE27-7100-4DAA-AD54-1ADE696A72D1}.Debug|Any CPU.Build.0 = Debug|Any CPU
		{64D3DE27-7100-4DAA-AD54-1ADE696A72D1}.Release|Any CPU.ActiveCfg = Release|Any CPU
		{64D3DE27-7100-4DAA-AD54-1ADE696A72D1}.Release|Any CPU.Build.0 = Release|Any CPU
	EndGlobalSection
	GlobalSection(SolutionProperties) = preSolution
		HideSolutionNode = FALSE
	EndGlobalSection
	GlobalSection(ExtensibilityGlobals) = postSolution
		SolutionGuid = {D44FB982-B206-42F0-BFBF-C4324F7EC188}
	EndGlobalSection
EndGlobal
